// !$*UTF8*$!
{
	archiveVersion = 1;
	classes = {
	};
	objectVersion = 46;
	objects = {

/* Begin PBXBuildFile section */
		688FF87F1E9E5D2D00E4ED37 /* Constants.swift in Sources */ = {isa = PBXBuildFile; fileRef = 688FF87E1E9E5D2D00E4ED37 /* Constants.swift */; };
		68FEB2791E9B27D90063D9A3 /* AppDelegate.swift in Sources */ = {isa = PBXBuildFile; fileRef = 68FEB2781E9B27D90063D9A3 /* AppDelegate.swift */; };
		68FEB27B1E9B27D90063D9A3 /* ViewController.swift in Sources */ = {isa = PBXBuildFile; fileRef = 68FEB27A1E9B27D90063D9A3 /* ViewController.swift */; };
		68FEB27E1E9B27D90063D9A3 /* Main.storyboard in Resources */ = {isa = PBXBuildFile; fileRef = 68FEB27C1E9B27D90063D9A3 /* Main.storyboard */; };
		68FEB2801E9B27D90063D9A3 /* Assets.xcassets in Resources */ = {isa = PBXBuildFile; fileRef = 68FEB27F1E9B27D90063D9A3 /* Assets.xcassets */; };
		68FEB2831E9B27D90063D9A3 /* LaunchScreen.storyboard in Resources */ = {isa = PBXBuildFile; fileRef = 68FEB2811E9B27D90063D9A3 /* LaunchScreen.storyboard */; };
		68FEB28B1E9B2D840063D9A3 /* pokemon.csv in Resources */ = {isa = PBXBuildFile; fileRef = 68FEB28A1E9B2D840063D9A3 /* pokemon.csv */; };
		68FEB28D1E9B30230063D9A3 /* Pokemon.swift in Sources */ = {isa = PBXBuildFile; fileRef = 68FEB28C1E9B30230063D9A3 /* Pokemon.swift */; };
		68FF0C811E9C09EF00329B8A /* PokeCell.swift in Sources */ = {isa = PBXBuildFile; fileRef = 68FF0C801E9C09EF00329B8A /* PokeCell.swift */; };
		68FF0C831E9CCDFA00329B8A /* csv.swift in Sources */ = {isa = PBXBuildFile; fileRef = 68FF0C821E9CCDFA00329B8A /* csv.swift */; };
		68FF0C851E9D358400329B8A /* pokemon.ttf in Resources */ = {isa = PBXBuildFile; fileRef = 68FF0C841E9D358400329B8A /* pokemon.ttf */; };
		68FF0C8A1E9D385C00329B8A /* music.mp3 in Resources */ = {isa = PBXBuildFile; fileRef = 68FF0C891E9D385C00329B8A /* music.mp3 */; };
		68FF0C8C1E9D5DB900329B8A /* PokemonDetailVC.swift in Sources */ = {isa = PBXBuildFile; fileRef = 68FF0C8B1E9D5DB900329B8A /* PokemonDetailVC.swift */; };
		BAB911E913B2F388AF467D11 /* Pods_Pokedex.framework in Frameworks */ = {isa = PBXBuildFile; fileRef = C9338F3C2AADC1297E71A32A /* Pods_Pokedex.framework */; };
/* End PBXBuildFile section */

/* Begin PBXFileReference section */
		688FF87E1E9E5D2D00E4ED37 /* Constants.swift */ = {isa = PBXFileReference; fileEncoding = 4; lastKnownFileType = sourcecode.swift; path = Constants.swift; sourceTree = "<group>"; };
		68FEB2751E9B27D90063D9A3 /* Pokedex.app */ = {isa = PBXFileReference; explicitFileType = wrapper.application; includeInIndex = 0; path = Pokedex.app; sourceTree = BUILT_PRODUCTS_DIR; };
		68FEB2781E9B27D90063D9A3 /* AppDelegate.swift */ = {isa = PBXFileReference; lastKnownFileType = sourcecode.swift; path = AppDelegate.swift; sourceTree = "<group>"; };
		68FEB27A1E9B27D90063D9A3 /* ViewController.swift */ = {isa = PBXFileReference; lastKnownFileType = sourcecode.swift; path = ViewController.swift; sourceTree = "<group>"; };
		68FEB27D1E9B27D90063D9A3 /* Base */ = {isa = PBXFileReference; lastKnownFileType = file.storyboard; name = Base; path = Base.lproj/Main.storyboard; sourceTree = "<group>"; };
		68FEB27F1E9B27D90063D9A3 /* Assets.xcassets */ = {isa = PBXFileReference; lastKnownFileType = folder.assetcatalog; path = Assets.xcassets; sourceTree = "<group>"; };
		68FEB2821E9B27D90063D9A3 /* Base */ = {isa = PBXFileReference; lastKnownFileType = file.storyboard; name = Base; path = Base.lproj/LaunchScreen.storyboard; sourceTree = "<group>"; };
		68FEB2841E9B27D90063D9A3 /* Info.plist */ = {isa = PBXFileReference; lastKnownFileType = text.plist.xml; path = Info.plist; sourceTree = "<group>"; };
		68FEB28A1E9B2D840063D9A3 /* pokemon.csv */ = {isa = PBXFileReference; fileEncoding = 4; lastKnownFileType = text; name = pokemon.csv; path = ../pokemon.csv; sourceTree = "<group>"; };
		68FEB28C1E9B30230063D9A3 /* Pokemon.swift */ = {isa = PBXFileReference; fileEncoding = 4; lastKnownFileType = sourcecode.swift; path = Pokemon.swift; sourceTree = "<group>"; };
		68FF0C801E9C09EF00329B8A /* PokeCell.swift */ = {isa = PBXFileReference; fileEncoding = 4; lastKnownFileType = sourcecode.swift; path = PokeCell.swift; sourceTree = "<group>"; };
		68FF0C821E9CCDFA00329B8A /* csv.swift */ = {isa = PBXFileReference; fileEncoding = 4; lastKnownFileType = sourcecode.swift; path = csv.swift; sourceTree = "<group>"; };
		68FF0C841E9D358400329B8A /* pokemon.ttf */ = {isa = PBXFileReference; lastKnownFileType = file; path = pokemon.ttf; sourceTree = "<group>"; };
		68FF0C891E9D385C00329B8A /* music.mp3 */ = {isa = PBXFileReference; lastKnownFileType = audio.mp3; path = music.mp3; sourceTree = "<group>"; };
		68FF0C8B1E9D5DB900329B8A /* PokemonDetailVC.swift */ = {isa = PBXFileReference; fileEncoding = 4; lastKnownFileType = sourcecode.swift; path = PokemonDetailVC.swift; sourceTree = "<group>"; };
		8F60B550FC6BCB2B8738E9AA /* Pods-Pokedex.debug.xcconfig */ = {isa = PBXFileReference; includeInIndex = 1; lastKnownFileType = text.xcconfig; name = "Pods-Pokedex.debug.xcconfig"; path = "Pods/Target Support Files/Pods-Pokedex/Pods-Pokedex.debug.xcconfig"; sourceTree = "<group>"; };
		8FCF11A457D7277E8852AAB8 /* Pods-Pokedex.release.xcconfig */ = {isa = PBXFileReference; includeInIndex = 1; lastKnownFileType = text.xcconfig; name = "Pods-Pokedex.release.xcconfig"; path = "Pods/Target Support Files/Pods-Pokedex/Pods-Pokedex.release.xcconfig"; sourceTree = "<group>"; };
		C9338F3C2AADC1297E71A32A /* Pods_Pokedex.framework */ = {isa = PBXFileReference; explicitFileType = wrapper.framework; includeInIndex = 0; path = Pods_Pokedex.framework; sourceTree = BUILT_PRODUCTS_DIR; };
/* End PBXFileReference section */

/* Begin PBXFrameworksBuildPhase section */
		68FEB2721E9B27D90063D9A3 /* Frameworks */ = {
			isa = PBXFrameworksBuildPhase;
			buildActionMask = 2147483647;
			files = (
				BAB911E913B2F388AF467D11 /* Pods_Pokedex.framework in Frameworks */,
			);
			runOnlyForDeploymentPostprocessing = 0;
		};
/* End PBXFrameworksBuildPhase section */

/* Begin PBXGroup section */
		19A59078B43177F1E8246311 /* Frameworks */ = {
			isa = PBXGroup;
			children = (
				C9338F3C2AADC1297E71A32A /* Pods_Pokedex.framework */,
			);
			name = Frameworks;
			sourceTree = "<group>";
		};
		68FEB26C1E9B27D90063D9A3 = {
			isa = PBXGroup;
			children = (
				68FEB2771E9B27D90063D9A3 /* Pokedex */,
				68FEB2761E9B27D90063D9A3 /* Products */,
				ABE972F157B1B80594A5AB4E /* Pods */,
				19A59078B43177F1E8246311 /* Frameworks */,
			);
			sourceTree = "<group>";
		};
		68FEB2761E9B27D90063D9A3 /* Products */ = {
			isa = PBXGroup;
			children = (
				68FEB2751E9B27D90063D9A3 /* Pokedex.app */,
			);
			name = Products;
			sourceTree = "<group>";
		};
		68FEB2771E9B27D90063D9A3 /* Pokedex */ = {
			isa = PBXGroup;
			children = (
				68FEB28E1E9B30260063D9A3 /* Model */,
				68FF0C7F1E9C09C900329B8A /* View */,
				68FF0C881E9D362100329B8A /* Controller */,
				68FF0C861E9D35B500329B8A /* Resources */,
				68FF0C871E9D35E700329B8A /* Utils */,
				68FEB2781E9B27D90063D9A3 /* AppDelegate.swift */,
				68FEB27C1E9B27D90063D9A3 /* Main.storyboard */,
				68FEB27F1E9B27D90063D9A3 /* Assets.xcassets */,
				68FEB2811E9B27D90063D9A3 /* LaunchScreen.storyboard */,
				68FEB2841E9B27D90063D9A3 /* Info.plist */,
			);
			path = Pokedex;
			sourceTree = "<group>";
		};
		68FEB28E1E9B30260063D9A3 /* Model */ = {
			isa = PBXGroup;
			children = (
				68FEB28C1E9B30230063D9A3 /* Pokemon.swift */,
			);
			name = Model;
			sourceTree = "<group>";
		};
		68FF0C7F1E9C09C900329B8A /* View */ = {
			isa = PBXGroup;
			children = (
				68FF0C801E9C09EF00329B8A /* PokeCell.swift */,
				68FF0C8B1E9D5DB900329B8A /* PokemonDetailVC.swift */,
			);
			name = View;
			sourceTree = "<group>";
		};
		68FF0C861E9D35B500329B8A /* Resources */ = {
			isa = PBXGroup;
			children = (
				68FF0C891E9D385C00329B8A /* music.mp3 */,
				68FEB28A1E9B2D840063D9A3 /* pokemon.csv */,
				68FF0C841E9D358400329B8A /* pokemon.ttf */,
			);
			name = Resources;
			sourceTree = "<group>";
		};
		68FF0C871E9D35E700329B8A /* Utils */ = {
			isa = PBXGroup;
			children = (
				68FF0C821E9CCDFA00329B8A /* csv.swift */,
				688FF87E1E9E5D2D00E4ED37 /* Constants.swift */,
			);
			name = Utils;
			sourceTree = "<group>";
		};
		68FF0C881E9D362100329B8A /* Controller */ = {
			isa = PBXGroup;
			children = (
				68FEB27A1E9B27D90063D9A3 /* ViewController.swift */,
			);
			name = Controller;
			sourceTree = "<group>";
		};
		ABE972F157B1B80594A5AB4E /* Pods */ = {
			isa = PBXGroup;
			children = (
				8F60B550FC6BCB2B8738E9AA /* Pods-Pokedex.debug.xcconfig */,
				8FCF11A457D7277E8852AAB8 /* Pods-Pokedex.release.xcconfig */,
			);
			name = Pods;
			sourceTree = "<group>";
		};
/* End PBXGroup section */

/* Begin PBXNativeTarget section */
		68FEB2741E9B27D90063D9A3 /* Pokedex */ = {
			isa = PBXNativeTarget;
			buildConfigurationList = 68FEB2871E9B27D90063D9A3 /* Build configuration list for PBXNativeTarget "Pokedex" */;
			buildPhases = (
				78A38C23BC649AAB58420AD1 /* [CP] Check Pods Manifest.lock */,
				68FEB2711E9B27D90063D9A3 /* Sources */,
				68FEB2721E9B27D90063D9A3 /* Frameworks */,
				68FEB2731E9B27D90063D9A3 /* Resources */,
				BC98DB2F04BFF18ABFDC2482 /* [CP] Embed Pods Frameworks */,
				E15C4E3BCAE8702E6BA6C369 /* [CP] Copy Pods Resources */,
			);
			buildRules = (
			);
			dependencies = (
			);
			name = Pokedex;
			productName = Pokedex;
			productReference = 68FEB2751E9B27D90063D9A3 /* Pokedex.app */;
			productType = "com.apple.product-type.application";
		};
/* End PBXNativeTarget section */

/* Begin PBXProject section */
		68FEB26D1E9B27D90063D9A3 /* Project object */ = {
			isa = PBXProject;
			attributes = {
				LastSwiftUpdateCheck = 0830;
				LastUpgradeCheck = 0830;
				ORGANIZATIONNAME = "Raghav Vashisht";
				TargetAttributes = {
					68FEB2741E9B27D90063D9A3 = {
						CreatedOnToolsVersion = 8.3;
						DevelopmentTeam = Z3BGLCCPGN;
						LastSwiftMigration = 0830;
						ProvisioningStyle = Automatic;
					};
				};
			};
			buildConfigurationList = 68FEB2701E9B27D90063D9A3 /* Build configuration list for PBXProject "Pokedex" */;
			compatibilityVersion = "Xcode 3.2";
			developmentRegion = English;
			hasScannedForEncodings = 0;
			knownRegions = (
				en,
				Base,
			);
			mainGroup = 68FEB26C1E9B27D90063D9A3;
			productRefGroup = 68FEB2761E9B27D90063D9A3 /* Products */;
			projectDirPath = "";
			projectRoot = "";
			targets = (
				68FEB2741E9B27D90063D9A3 /* Pokedex */,
			);
		};
/* End PBXProject section */

/* Begin PBXResourcesBuildPhase section */
		68FEB2731E9B27D90063D9A3 /* Resources */ = {
			isa = PBXResourcesBuildPhase;
			buildActionMask = 2147483647;
			files = (
				68FF0C851E9D358400329B8A /* pokemon.ttf in Resources */,
				68FEB2831E9B27D90063D9A3 /* LaunchScreen.storyboard in Resources */,
				68FF0C8A1E9D385C00329B8A /* music.mp3 in Resources */,
				68FEB2801E9B27D90063D9A3 /* Assets.xcassets in Resources */,
				68FEB28B1E9B2D840063D9A3 /* pokemon.csv in Resources */,
				68FEB27E1E9B27D90063D9A3 /* Main.storyboard in Resources */,
			);
			runOnlyForDeploymentPostprocessing = 0;
		};
/* End PBXResourcesBuildPhase section */

/* Begin PBXShellScriptBuildPhase section */
		78A38C23BC649AAB58420AD1 /* [CP] Check Pods Manifest.lock */ = {
			isa = PBXShellScriptBuildPhase;
			buildActionMask = 2147483647;
			files = (
			);
			inputPaths = (
			);
			name = "[CP] Check Pods Manifest.lock";
			outputPaths = (
			);
			runOnlyForDeploymentPostprocessing = 0;
			shellPath = /bin/sh;
			shellScript = "diff \"${PODS_ROOT}/../Podfile.lock\" \"${PODS_ROOT}/Manifest.lock\" > /dev/null\nif [ $? != 0 ] ; then\n    # print error to STDERR\n    echo \"error: The sandbox is not in sync with the Podfile.lock. Run 'pod install' or update your CocoaPods installation.\" >&2\n    exit 1\nfi\n";
			showEnvVarsInLog = 0;
		};
		BC98DB2F04BFF18ABFDC2482 /* [CP] Embed Pods Frameworks */ = {
			isa = PBXShellScriptBuildPhase;
			buildActionMask = 2147483647;
			files = (
			);
			inputPaths = (
			);
			name = "[CP] Embed Pods Frameworks";
			outputPaths = (
			);
			runOnlyForDeploymentPostprocessing = 0;
			shellPath = /bin/sh;
			shellScript = "\"${SRCROOT}/Pods/Target Support Files/Pods-Pokedex/Pods-Pokedex-frameworks.sh\"\n";
			showEnvVarsInLog = 0;
		};
		E15C4E3BCAE8702E6BA6C369 /* [CP] Copy Pods Resources */ = {
			isa = PBXShellScriptBuildPhase;
			buildActionMask = 2147483647;
			files = (
			);
			inputPaths = (
			);
			name = "[CP] Copy Pods Resources";
			outputPaths = (
			);
			runOnlyForDeploymentPostprocessing = 0;
			shellPath = /bin/sh;
			shellScript = "\"${SRCROOT}/Pods/Target Support Files/Pods-Pokedex/Pods-Pokedex-resources.sh\"\n";
			showEnvVarsInLog = 0;
		};
/* End PBXShellScriptBuildPhase section */

/* Begin PBXSourcesBuildPhase section */
		68FEB2711E9B27D90063D9A3 /* Sources */ = {
			isa = PBXSourcesBuildPhase;
			buildActionMask = 2147483647;
			files = (
				68FF0C811E9C09EF00329B8A /* PokeCell.swift in Sources */,
				68FEB27B1E9B27D90063D9A3 /* ViewController.swift in Sources */,
				68FEB2791E9B27D90063D9A3 /* AppDelegate.swift in Sources */,
				68FF0C8C1E9D5DB900329B8A /* PokemonDetailVC.swift in Sources */,
				688FF87F1E9E5D2D00E4ED37 /* Constants.swift in Sources */,
				68FEB28D1E9B30230063D9A3 /* Pokemon.swift in Sources */,
				68FF0C831E9CCDFA00329B8A /* csv.swift in Sources */,
			);
			runOnlyForDeploymentPostprocessing = 0;
		};
/* End PBXSourcesBuildPhase section */

/* Begin PBXVariantGroup section */
		68FEB27C1E9B27D90063D9A3 /* Main.storyboard */ = {
			isa = PBXVariantGroup;
			children = (
				68FEB27D1E9B27D90063D9A3 /* Base */,
			);
			name = Main.storyboard;
			sourceTree = "<group>";
		};
		68FEB2811E9B27D90063D9A3 /* LaunchScreen.storyboard */ = {
			isa = PBXVariantGroup;
			children = (
				68FEB2821E9B27D90063D9A3 /* Base */,
			);
			name = LaunchScreen.storyboard;
			sourceTree = "<group>";
		};
/* End PBXVariantGroup section */

/* Begin XCBuildConfiguration section */
		68FEB2851E9B27D90063D9A3 /* Debug */ = {
			isa = XCBuildConfiguration;
			buildSettings = {
				ALWAYS_SEARCH_USER_PATHS = NO;
				CLANG_ANALYZER_NONNULL = YES;
				CLANG_ANALYZER_NUMBER_OBJECT_CONVERSION = YES_AGGRESSIVE;
				CLANG_CXX_LANGUAGE_STANDARD = "gnu++0x";
				CLANG_CXX_LIBRARY = "libc++";
				CLANG_ENABLE_MODULES = YES;
				CLANG_ENABLE_OBJC_ARC = YES;
				CLANG_WARN_BOOL_CONVERSION = YES;
				CLANG_WARN_CONSTANT_CONVERSION = YES;
				CLANG_WARN_DIRECT_OBJC_ISA_USAGE = YES_ERROR;
				CLANG_WARN_DOCUMENTATION_COMMENTS = YES;
				CLANG_WARN_EMPTY_BODY = YES;
				CLANG_WARN_ENUM_CONVERSION = YES;
				CLANG_WARN_INFINITE_RECURSION = YES;
				CLANG_WARN_INT_CONVERSION = YES;
				CLANG_WARN_OBJC_ROOT_CLASS = YES_ERROR;
				CLANG_WARN_SUSPICIOUS_MOVE = YES;
				CLANG_WARN_UNREACHABLE_CODE = YES;
				CLANG_WARN__DUPLICATE_METHOD_MATCH = YES;
				"CODE_SIGN_IDENTITY[sdk=iphoneos*]" = "iPhone Developer";
				COPY_PHASE_STRIP = NO;
				DEBUG_INFORMATION_FORMAT = dwarf;
				ENABLE_STRICT_OBJC_MSGSEND = YES;
				ENABLE_TESTABILITY = YES;
				GCC_C_LANGUAGE_STANDARD = gnu99;
				GCC_DYNAMIC_NO_PIC = NO;
				GCC_NO_COMMON_BLOCKS = YES;
				GCC_OPTIMIZATION_LEVEL = 0;
				GCC_PREPROCESSOR_DEFINITIONS = (
					"DEBUG=1",
					"$(inherited)",
				);
				GCC_WARN_64_TO_32_BIT_CONVERSION = YES;
				GCC_WARN_ABOUT_RETURN_TYPE = YES_ERROR;
				GCC_WARN_UNDECLARED_SELECTOR = YES;
				GCC_WARN_UNINITIALIZED_AUTOS = YES_AGGRESSIVE;
				GCC_WARN_UNUSED_FUNCTION = YES;
				GCC_WARN_UNUSED_VARIABLE = YES;
				IPHONEOS_DEPLOYMENT_TARGET = 10.3;
				MTL_ENABLE_DEBUG_INFO = YES;
				ONLY_ACTIVE_ARCH = YES;
				SDKROOT = iphoneos;
				SWIFT_ACTIVE_COMPILATION_CONDITIONS = DEBUG;
				SWIFT_OPTIMIZATION_LEVEL = "-Onone";
				TARGETED_DEVICE_FAMILY = "1,2";
			};
			name = Debug;
		};
		68FEB2861E9B27D90063D9A3 /* Release */ = {
			isa = XCBuildConfiguration;
			buildSettings = {
				ALWAYS_SEARCH_USER_PATHS = NO;
				CLANG_ANALYZER_NONNULL = YES;
				CLANG_ANALYZER_NUMBER_OBJECT_CONVERSION = YES_AGGRESSIVE;
				CLANG_CXX_LANGUAGE_STANDARD = "gnu++0x";
				CLANG_CXX_LIBRARY = "libc++";
				CLANG_ENABLE_MODULES = YES;
				CLANG_ENABLE_OBJC_ARC = YES;
				CLANG_WARN_BOOL_CONVERSION = YES;
				CLANG_WARN_CONSTANT_CONVERSION = YES;
				CLANG_WARN_DIRECT_OBJC_ISA_USAGE = YES_ERROR;
				CLANG_WARN_DOCUMENTATION_COMMENTS = YES;
				CLANG_WARN_EMPTY_BODY = YES;
				CLANG_WARN_ENUM_CONVERSION = YES;
				CLANG_WARN_INFINITE_RECURSION = YES;
				CLANG_WARN_INT_CONVERSION = YES;
				CLANG_WARN_OBJC_ROOT_CLASS = YES_ERROR;
				CLANG_WARN_SUSPICIOUS_MOVE = YES;
				CLANG_WARN_UNREACHABLE_CODE = YES;
				CLANG_WARN__DUPLICATE_METHOD_MATCH = YES;
				"CODE_SIGN_IDENTITY[sdk=iphoneos*]" = "iPhone Developer";
				COPY_PHASE_STRIP = NO;
				DEBUG_INFORMATION_FORMAT = "dwarf-with-dsym";
				ENABLE_NS_ASSERTIONS = NO;
				ENABLE_STRICT_OBJC_MSGSEND = YES;
				GCC_C_LANGUAGE_STANDARD = gnu99;
				GCC_NO_COMMON_BLOCKS = YES;
				GCC_WARN_64_TO_32_BIT_CONVERSION = YES;
				GCC_WARN_ABOUT_RETURN_TYPE = YES_ERROR;
				GCC_WARN_UNDECLARED_SELECTOR = YES;
				GCC_WARN_UNINITIALIZED_AUTOS = YES_AGGRESSIVE;
				GCC_WARN_UNUSED_FUNCTION = YES;
				GCC_WARN_UNUSED_VARIABLE = YES;
				IPHONEOS_DEPLOYMENT_TARGET = 10.3;
				MTL_ENABLE_DEBUG_INFO = NO;
				SDKROOT = iphoneos;
				SWIFT_OPTIMIZATION_LEVEL = "-Owholemodule";
				TARGETED_DEVICE_FAMILY = "1,2";
				VALIDATE_PRODUCT = YES;
			};
			name = Release;
		};
		68FEB2881E9B27D90063D9A3 /* Debug */ = {
			isa = XCBuildConfiguration;
			baseConfigurationReference = 8F60B550FC6BCB2B8738E9AA /* Pods-Pokedex.debug.xcconfig */;
			buildSettings = {
				ASSETCATALOG_COMPILER_APPICON_NAME = AppIcon;
				DEVELOPMENT_TEAM = Z3BGLCCPGN;
				INFOPLIST_FILE = Pokedex/Info.plist;
				IPHONEOS_DEPLOYMENT_TARGET = 10.0;
				LD_RUNPATH_SEARCH_PATHS = "$(inherited) @executable_path/Frameworks";
				PRODUCT_BUNDLE_IDENTIFIER = com.vashishtapps.Pokedex;
				PRODUCT_NAME = "$(TARGET_NAME)";
				SWIFT_VERSION = 3.0;
			};
			name = Debug;
		};
		68FEB2891E9B27D90063D9A3 /* Release */ = {
			isa = XCBuildConfiguration;
			baseConfigurationReference = 8FCF11A457D7277E8852AAB8 /* Pods-Pokedex.release.xcconfig */;
			buildSettings = {
				ASSETCATALOG_COMPILER_APPICON_NAME = AppIcon;
				DEVELOPMENT_TEAM = Z3BGLCCPGN;
				INFOPLIST_FILE = Pokedex/Info.plist;
				IPHONEOS_DEPLOYMENT_TARGET = 10.0;
				LD_RUNPATH_SEARCH_PATHS = "$(inherited) @executable_path/Frameworks";
				PRODUCT_BUNDLE_IDENTIFIER = com.vashishtapps.Pokedex;
				PRODUCT_NAME = "$(TARGET_NAME)";
				SWIFT_VERSION = 3.0;
			};
			name = Release;
		};
/* End XCBuildConfiguration section */

/* Begin XCConfigurationList section */
		68FEB2701E9B27D90063D9A3 /* Build configuration list for PBXProject "Pokedex" */ = {
			isa = XCConfigurationList;
			buildConfigurations = (
				68FEB2851E9B27D90063D9A3 /* Debug */,
				68FEB2861E9B27D90063D9A3 /* Release */,
			);
			defaultConfigurationIsVisible = 0;
			defaultConfigurationName = Release;
		};
		68FEB2871E9B27D90063D9A3 /* Build configuration list for PBXNativeTarget "Pokedex" */ = {
			isa = XCConfigurationList;
			buildConfigurations = (
				68FEB2881E9B27D90063D9A3 /* Debug */,
				68FEB2891E9B27D90063D9A3 /* Release */,
			);
			defaultConfigurationIsVisible = 0;
			defaultConfigurationName = Release;
		};
/* End XCConfigurationList section */
	};
	rootObject = 68FEB26D1E9B27D90063D9A3 /* Project object */;
}
